
Microsoft Visual Studio Solution File, Format Version 12.00
# Visual Studio Version 16
VisualStudioVersion = 16.0.32802.440
MinimumVisualStudioVersion = 10.0.40219.1
Project("{FAE04EC0-301F-11D3-BF4B-00C04F79EFBC}") = "todo_en_uno_1", "todo_en_uno_1\todo_en_uno_1.csproj", "{74ADB7B9-590E-4AAB-B43E-7D589EE14F1C}"
EndProject
Global
	GlobalSection(SolutionConfigurationPlatforms) = preSolution
		Debug|Any CPU = Debug|Any CPU
		Release|Any CPU = Release|Any CPU
	EndGlobalSection
	GlobalSection(ProjectConfigurationPlatforms) = postSolution
		{74ADB7B9-590E-4AAB-B43E-7D589EE14F1C}.Debug|Any CPU.ActiveCfg = Debug|Any CPU
		{74ADB7B9-590E-4AAB-B43E-7D589EE14F1C}.Debug|Any CPU.Build.0 = Debug|Any CPU
		{74ADB7B9-590E-4AAB-B43E-7D589EE14F1C}.Release|Any CPU.ActiveCfg = Release|Any CPU
		{74ADB7B9-590E-4AAB-B43E-7D589EE14F1C}.Release|Any CPU.Build.0 = Release|Any CPU
	EndGlobalSection
	GlobalSection(SolutionProperties) = preSolution
		HideSolutionNode = FALSE
	EndGlobalSection
	GlobalSection(ExtensibilityGlobals) = postSolution
		SolutionGuid = {72804A67-59C0-4B2A-9717-225A3406166F}
	EndGlobalSection
EndGlobal
