
Microsoft Visual Studio Solution File, Format Version 12.00
# Visual Studio Version 16
VisualStudioVersion = 16.0.32802.440
MinimumVisualStudioVersion = 10.0.40219.1
Project("{FAE04EC0-301F-11D3-BF4B-00C04F79EFBC}") = "tipos_de_datos", "tipos_de_datos\tipos_de_datos.csproj", "{31179C71-B56F-4A62-9A1E-0EEBA23ECC19}"
EndProject
Global
	GlobalSection(SolutionConfigurationPlatforms) = preSolution
		Debug|Any CPU = Debug|Any CPU
		Release|Any CPU = Release|Any CPU
	EndGlobalSection
	GlobalSection(ProjectConfigurationPlatforms) = postSolution
		{31179C71-B56F-4A62-9A1E-0EEBA23ECC19}.Debug|Any CPU.ActiveCfg = Debug|Any CPU
		{31179C71-B56F-4A62-9A1E-0EEBA23ECC19}.Debug|Any CPU.Build.0 = Debug|Any CPU
		{31179C71-B56F-4A62-9A1E-0EEBA23ECC19}.Release|Any CPU.ActiveCfg = Release|Any CPU
		{31179C71-B56F-4A62-9A1E-0EEBA23ECC19}.Release|Any CPU.Build.0 = Release|Any CPU
	EndGlobalSection
	GlobalSection(SolutionProperties) = preSolution
		HideSolutionNode = FALSE
	EndGlobalSection
	GlobalSection(ExtensibilityGlobals) = postSolution
		SolutionGuid = {B543A3FF-3EE3-4812-BC39-002E44E38619}
	EndGlobalSection
EndGlobal
