
Microsoft Visual Studio Solution File, Format Version 12.00
# Visual Studio Version 16
VisualStudioVersion = 16.0.32802.440
MinimumVisualStudioVersion = 10.0.40219.1
Project("{FAE04EC0-301F-11D3-BF4B-00C04F79EFBC}") = "hola_mundo", "hola_mundo\hola_mundo.csproj", "{A101E5C1-4103-411C-BD51-6D873FE11FE9}"
EndProject
Global
	GlobalSection(SolutionConfigurationPlatforms) = preSolution
		Debug|Any CPU = Debug|Any CPU
		Release|Any CPU = Release|Any CPU
	EndGlobalSection
	GlobalSection(ProjectConfigurationPlatforms) = postSolution
		{A101E5C1-4103-411C-BD51-6D873FE11FE9}.Debug|Any CPU.ActiveCfg = Debug|Any CPU
		{A101E5C1-4103-411C-BD51-6D873FE11FE9}.Debug|Any CPU.Build.0 = Debug|Any CPU
		{A101E5C1-4103-411C-BD51-6D873FE11FE9}.Release|Any CPU.ActiveCfg = Release|Any CPU
		{A101E5C1-4103-411C-BD51-6D873FE11FE9}.Release|Any CPU.Build.0 = Release|Any CPU
	EndGlobalSection
	GlobalSection(SolutionProperties) = preSolution
		HideSolutionNode = FALSE
	EndGlobalSection
	GlobalSection(ExtensibilityGlobals) = postSolution
		SolutionGuid = {C7840614-D39F-4E77-842F-9209EB4E4F46}
	EndGlobalSection
EndGlobal
